<?xml version="1.0"?>
<!DOCTYPE CodeBlocks_project_file>
<CodeBlocks_project_file>
    <FileVersion major="1" minor="1"/>
    <Project>
        <Option title="goil"/>
        <Option makefile="Makefile"/>
        <Option makefile_is_custom="0"/>
        <Option compiler="0"/>
        <Build>
            <Target title="Release">
                <Option output="goil.exe"/>
                <Option working_dir="."/>
                <Option object_output="objects"/>
                <Option deps_output=".deps"/>
                <Option type="1"/>
                <Option compiler="0"/>
                <Option projectResourceIncludeDirsRelation="1"/>
                <Compiler>
                    <Add option="-O"/>
                    <Add option="-W"/>
                    <Add option="-Wall"/>
                    <Add option="-DDO_NOT_GENERATE_CHECKINGS"/>
                </Compiler>
                <Linker>
                    <Add option="-s"/>
                </Linker>
            </Target>
            <Target title="Debug">
                <Option output="goil_debug.exe"/>
                <Option working_dir="."/>
                <Option object_output="objects_debug"/>
                <Option deps_output=".deps_debug"/>
                <Option type="1"/>
                <Option compiler="0"/>
                <Option projectResourceIncludeDirsRelation="1"/>
                <Compiler>
                    <Add option="-O"/>
                    <Add option="-W"/>
                    <Add option="-Wall"/>
                </Compiler>
            </Target>
        </Build>
        <Compiler>
            <Add option="-I../../libpm"/>
            <Add option="-I../galgas_sources/GALGAS_OUTPUT"/>
            <Add option="-I../hand_coded_sources"/>
        </Compiler>
        <Linker>
            <Add library="stdc++"/>
            <Add library="m"/>
            <Add library="comdlg32"/>
        </Linker>
        <Unit filename="..\galgas_sources\GALGAS_OUTPUT\goil_lexique.cpp">
            <Option compilerVar="CC"/>
            <Option target="Release"/>
            <Option target="Debug"/>
        </Unit>
        <Unit filename="..\galgas_sources\GALGAS_OUTPUT\goil_options.cpp">
            <Option compilerVar="CC"/>
            <Option target="Release"/>
            <Option target="Debug"/>
        </Unit>
        <Unit filename="..\galgas_sources\GALGAS_OUTPUT\goil_semantics.cpp">
            <Option compilerVar="CC"/>
            <Option target="Release"/>
            <Option target="Debug"/>
        </Unit>
        <Unit filename="..\galgas_sources\GALGAS_OUTPUT\goil_syntax.cpp">
            <Option compilerVar="CC"/>
            <Option target="Release"/>
            <Option target="Debug"/>
        </Unit>
        <Unit filename="..\galgas_sources\GALGAS_OUTPUT\goil_grammar.cpp">
            <Option compilerVar="CC"/>
            <Option target="Release"/>
            <Option target="Debug"/>
        </Unit>
        <Unit filename="..\galgas_sources\GALGAS_OUTPUT\goil_program.cpp">
            <Option compilerVar="CC"/>
            <Option target="Release"/>
            <Option target="Debug"/>
        </Unit>
        <Unit filename="..\hand_coded_sources\goil_computations.cpp">
            <Option compilerVar="CC"/>
            <Option target="Release"/>
            <Option target="Debug"/>
        </Unit>
        <Unit filename="../../libpm\bdd\C_BDD.cpp">
            <Option compilerVar="CC"/>
            <Option target="Release"/>
            <Option target="Debug"/>
        </Unit>
        <Unit filename="../../libpm\bdd\C_Display_BDD.cpp">
            <Option compilerVar="CC"/>
            <Option target="Release"/>
            <Option target="Debug"/>
        </Unit>
        <Unit filename="../../libpm\galgas\C_galgas_io.cpp">
            <Option compilerVar="CC"/>
            <Option target="Release"/>
            <Option target="Debug"/>
        </Unit>
        <Unit filename="../../libpm\galgas\AC_galgas_map.cpp">
            <Option compilerVar="CC"/>
            <Option target="Release"/>
            <Option target="Debug"/>
        </Unit>
        <Unit filename="../../libpm\galgas\AC_galgas_list.cpp">
            <Option compilerVar="CC"/>
            <Option target="Release"/>
            <Option target="Debug"/>
        </Unit>
        <Unit filename="../../libpm\galgas\AC_galgas_sortedlist.cpp">
            <Option compilerVar="CC"/>
            <Option target="Release"/>
            <Option target="Debug"/>
        </Unit>
        <Unit filename="../../libpm\galgas\C_GGS_Object.cpp">
            <Option compilerVar="CC"/>
            <Option target="Release"/>
            <Option target="Debug"/>
        </Unit>
        <Unit filename="../../libpm\galgas\AC_galgas_mapindex.cpp">
            <Option compilerVar="CC"/>
            <Option target="Release"/>
            <Option target="Debug"/>
        </Unit>
        <Unit filename="../../libpm\galgas\GGS_binaryset.cpp">
            <Option compilerVar="CC"/>
            <Option target="Release"/>
            <Option target="Debug"/>
        </Unit>
        <Unit filename="../../libpm\galgas\AC_galgas_domain.cpp">
            <Option compilerVar="CC"/>
            <Option target="Release"/>
            <Option target="Debug"/>
        </Unit>
        <Unit filename="../../libpm\galgas\predefined_types.cpp">
            <Option compilerVar="CC"/>
            <Option target="Release"/>
            <Option target="Debug"/>
        </Unit>
        <Unit filename="../../libpm\galgas\C_galgas_CLI_Options.cpp">
            <Option compilerVar="CC"/>
            <Option target="Release"/>
            <Option target="Debug"/>
        </Unit>
        <Unit filename="../../libpm\galgas\C_Lexique.cpp">
            <Option compilerVar="CC"/>
            <Option target="Release"/>
            <Option target="Debug"/>
        </Unit>
        <Unit filename="../../libpm\galgas\GGS_bool.cpp">
            <Option compilerVar="CC"/>
            <Option target="Release"/>
            <Option target="Debug"/>
        </Unit>
        <Unit filename="../../libpm\galgas\GGS_char.cpp">
            <Option compilerVar="CC"/>
            <Option target="Release"/>
            <Option target="Debug"/>
        </Unit>
        <Unit filename="../../libpm\galgas\GGS_string.cpp">
            <Option compilerVar="CC"/>
            <Option target="Release"/>
            <Option target="Debug"/>
        </Unit>
        <Unit filename="../../libpm\galgas\GGS_uint.cpp">
            <Option compilerVar="CC"/>
            <Option target="Release"/>
            <Option target="Debug"/>
        </Unit>
        <Unit filename="../../libpm\galgas\GGS_uint64.cpp">
            <Option compilerVar="CC"/>
            <Option target="Release"/>
            <Option target="Debug"/>
        </Unit>
        <Unit filename="../../libpm\galgas\GGS_sint.cpp">
            <Option compilerVar="CC"/>
            <Option target="Release"/>
            <Option target="Debug"/>
        </Unit>
        <Unit filename="../../libpm\galgas\GGS_sint64.cpp">
            <Option compilerVar="CC"/>
            <Option target="Release"/>
            <Option target="Debug"/>
        </Unit>
        <Unit filename="../../libpm\galgas\GGS_double.cpp">
            <Option compilerVar="CC"/>
            <Option target="Release"/>
            <Option target="Debug"/>
        </Unit>
        <Unit filename="../../libpm\galgas\GGS_location.cpp">
            <Option compilerVar="CC"/>
            <Option target="Release"/>
            <Option target="Debug"/>
        </Unit>
        <Unit filename="../../libpm\galgas\GGS_lbool.cpp">
            <Option compilerVar="CC"/>
            <Option target="Release"/>
            <Option target="Debug"/>
        </Unit>
        <Unit filename="../../libpm\galgas\GGS_lchar.cpp">
            <Option compilerVar="CC"/>
            <Option target="Release"/>
            <Option target="Debug"/>
        </Unit>
        <Unit filename="../../libpm\galgas\GGS_lstring.cpp">
            <Option compilerVar="CC"/>
            <Option target="Release"/>
            <Option target="Debug"/>
        </Unit>
        <Unit filename="../../libpm\galgas\GGS_luint.cpp">
            <Option compilerVar="CC"/>
            <Option target="Release"/>
            <Option target="Debug"/>
        </Unit>
        <Unit filename="../../libpm\galgas\GGS_luint64.cpp">
            <Option compilerVar="CC"/>
            <Option target="Release"/>
            <Option target="Debug"/>
        </Unit>
        <Unit filename="../../libpm\galgas\GGS_lsint.cpp">
            <Option compilerVar="CC"/>
            <Option target="Release"/>
            <Option target="Debug"/>
        </Unit>
        <Unit filename="../../libpm\galgas\GGS_lsint64.cpp">
            <Option compilerVar="CC"/>
            <Option target="Release"/>
            <Option target="Debug"/>
        </Unit>
        <Unit filename="../../libpm\galgas\GGS_double.cpp">
            <Option compilerVar="CC"/>
            <Option target="Release"/>
            <Option target="Debug"/>
        </Unit>
        <Unit filename="../../libpm\galgas\GGS_stringset.cpp">
            <Option compilerVar="CC"/>
            <Option target="Release"/>
            <Option target="Debug"/>
        </Unit>
        <Unit filename="../../libpm\cache\C_PrimeCache2.cpp">
            <Option compilerVar="CC"/>
            <Option target="Release"/>
            <Option target="Debug"/>
        </Unit>
        <Unit filename="../../libpm\cache\C_PrimeCache3.cpp">
            <Option compilerVar="CC"/>
            <Option target="Release"/>
            <Option target="Debug"/>
        </Unit>
        <Unit filename="../../libpm\command_line_interface\AC_CLI_Options.cpp">
            <Option compilerVar="CC"/>
            <Option target="Release"/>
            <Option target="Debug"/>
        </Unit>
        <Unit filename="../../libpm\command_line_interface\F_Analyze_CLI_Options.cpp">
            <Option compilerVar="CC"/>
            <Option target="Release"/>
            <Option target="Debug"/>
        </Unit>
        <Unit filename="../../libpm\command_line_interface\C_CLI_OptionGroup.cpp">
            <Option compilerVar="CC"/>
            <Option target="Release"/>
            <Option target="Debug"/>
        </Unit>
        <Unit filename="../../libpm\command_line_interface\C_builtin_CLI_Options.cpp">
            <Option compilerVar="CC"/>
            <Option target="Release"/>
            <Option target="Debug"/>
        </Unit>
        <Unit filename="../../libpm\command_line_interface\F_main.cpp">
            <Option compilerVar="CC"/>
            <Option target="Release"/>
            <Option target="Debug"/>
        </Unit>
        <Unit filename="../../libpm\files\C_TextFileWrite.cpp">
            <Option compilerVar="CC"/>
            <Option target="Release"/>
            <Option target="Debug"/>
        </Unit>
        <Unit filename="../../libpm\streams\AC_OutputStream.cpp">
            <Option compilerVar="CC"/>
            <Option target="Release"/>
            <Option target="Debug"/>
        </Unit>
        <Unit filename="../../libpm\streams\C_ConsoleOut.cpp">
            <Option compilerVar="CC"/>
            <Option target="Release"/>
            <Option target="Debug"/>
        </Unit>
        <Unit filename="../../libpm\streams\C_ErrorOut.cpp">
            <Option compilerVar="CC"/>
            <Option target="Release"/>
            <Option target="Debug"/>
        </Unit>
        <Unit filename="../../libpm\time\C_Timer.cpp">
            <Option compilerVar="CC"/>
            <Option target="Release"/>
            <Option target="Debug"/>
        </Unit>
        <Unit filename="../../libpm\time\C_DateTime.cpp">
            <Option compilerVar="CC"/>
            <Option target="Release"/>
            <Option target="Debug"/>
        </Unit>
        <Unit filename="../../libpm\utilities\MF_Assert.cpp">
            <Option compilerVar="CC"/>
            <Option target="Release"/>
            <Option target="Debug"/>
        </Unit>
        <Unit filename="../../libpm\utilities\MF_MemoryControl.cpp">
            <Option compilerVar="CC"/>
            <Option target="Release"/>
            <Option target="Debug"/>
        </Unit>
        <Unit filename="../../libpm\utilities\F_DisplayException.cpp">
            <Option compilerVar="CC"/>
            <Option target="Release"/>
            <Option target="Debug"/>
        </Unit>
        <Unit filename="../../libpm\utilities\C_Exception.cpp">
            <Option compilerVar="CC"/>
            <Option target="Release"/>
            <Option target="Debug"/>
        </Unit>
        <Unit filename="../../libpm\utilities\C_String.cpp">
            <Option compilerVar="CC"/>
            <Option target="Release"/>
            <Option target="Debug"/>
        </Unit>
        <Unit filename="../../libpm\utilities\F_GetPrime.cpp">
            <Option compilerVar="CC"/>
            <Option target="Release"/>
            <Option target="Debug"/>
        </Unit>
    </Project>
</CodeBlocks_project_file>

