// !$*UTF8*$!
{
	archiveVersion = 1;
	classes = {
	};
	objectVersion = 39;
	objects = {
		014CEA520018CE5811CA2923 = {
			buildSettings = {
				COPY_PHASE_STRIP = NO;
				DEBUGGING_SYMBOLS = YES;
				GCC_DYNAMIC_NO_PIC = NO;
				GCC_ENABLE_FIX_AND_CONTINUE = YES;
				GCC_GENERATE_DEBUGGING_SYMBOLS = YES;
				GCC_OPTIMIZATION_LEVEL = 0;
				GCC_TREAT_WARNINGS_AS_ERRORS = YES;
				GCC_WARN_ABOUT_MISSING_PROTOTYPES = YES;
				GCC_WARN_CHECK_SWITCH_STATEMENTS = YES;
				GCC_WARN_INITIALIZER_NOT_FULLY_BRACKETED = YES;
				GCC_WARN_MISSING_PARENTHESES = YES;
				GCC_WARN_TYPECHECK_CALLS_TO_PRINTF = YES;
				OPTIMIZATION_CFLAGS = "-O0";
				OTHER_CFLAGS = "-DDARWIN";
				ZERO_LINK = YES;
			};
			isa = PBXBuildStyle;
			name = Development;
		};
		014CEA530018CE5811CA2923 = {
			buildSettings = {
				COPY_PHASE_STRIP = YES;
				GCC_ENABLE_FIX_AND_CONTINUE = NO;
				ZERO_LINK = NO;
			};
			isa = PBXBuildStyle;
			name = Deployment;
		};
//010
//011
//012
//013
//014
//080
//081
//082
//083
//084
		08FB7793FE84155DC02AAC07 = {
			buildSettings = {
			};
			buildStyles = (
				014CEA520018CE5811CA2923,
				014CEA530018CE5811CA2923,
			);
			hasScannedForEncodings = 1;
			isa = PBXProject;
			mainGroup = 08FB7794FE84155DC02AAC07;
			projectDirPath = "";
			targets = (
				8DD76FA90486AB0100D96B5E,
			);
		};
		08FB7794FE84155DC02AAC07 = {
			children = (
				08FB7795FE84155DC02AAC07,
				C6A0FF2B0290797F04C91782,
				1AB674ADFE9D54B511CA2CBB,
			);
			isa = PBXGroup;
			name = viper;
			refType = 4;
			sourceTree = "<group>";
		};
		08FB7795FE84155DC02AAC07 = {
			children = (
				6C8FC1F9084CA818007D04A1,
				6C8FC1FA084CA818007D04A1,
				6CCE36F2082670A400FEC402,
				6CCE36F3082670A400FEC402,
				6CFC007F08263AC000FD2FD1,
				6C8471610827B15600435820,
				6CFC008008263AC000FD2FD1,
				08FB7796FE84155DC02AAC07,
				6C764B690828F16B005FCD36,
				6C764B6A0828F16B005FCD36,
			);
			isa = PBXGroup;
			name = Source;
			refType = 4;
			sourceTree = "<group>";
		};
		08FB7796FE84155DC02AAC07 = {
			fileEncoding = 4;
			isa = PBXFileReference;
			lastKnownFileType = sourcecode.c.c;
			path = main.c;
			refType = 4;
			sourceTree = "<group>";
		};
//080
//081
//082
//083
//084
//1A0
//1A1
//1A2
//1A3
//1A4
		1AB674ADFE9D54B511CA2CBB = {
			children = (
				8DD76FB20486AB0100D96B5E,
			);
			isa = PBXGroup;
			name = Products;
			refType = 4;
			sourceTree = "<group>";
		};
//1A0
//1A1
//1A2
//1A3
//1A4
//6C0
//6C1
//6C2
//6C3
//6C4
		6C764B690828F16B005FCD36 = {
			fileEncoding = 4;
			isa = PBXFileReference;
			lastKnownFileType = sourcecode.c.h;
			path = exec.h;
			refType = 4;
			sourceTree = "<group>";
		};
		6C764B6A0828F16B005FCD36 = {
			fileEncoding = 4;
			isa = PBXFileReference;
			lastKnownFileType = sourcecode.c.c;
			path = exec.c;
			refType = 4;
			sourceTree = "<group>";
		};
		6C764B6B0828F16B005FCD36 = {
			fileRef = 6C764B690828F16B005FCD36;
			isa = PBXBuildFile;
			settings = {
			};
		};
		6C764B6C0828F16B005FCD36 = {
			fileRef = 6C764B6A0828F16B005FCD36;
			isa = PBXBuildFile;
			settings = {
			};
		};
		6C8471610827B15600435820 = {
			fileEncoding = 4;
			isa = PBXFileReference;
			lastKnownFileType = sourcecode.c.h;
			path = viper.h;
			refType = 4;
			sourceTree = "<group>";
		};
		6C8471620827B15600435820 = {
			fileRef = 6C8471610827B15600435820;
			isa = PBXBuildFile;
			settings = {
			};
		};
		6C8FC1F9084CA818007D04A1 = {
			fileEncoding = 4;
			isa = PBXFileReference;
			lastKnownFileType = sourcecode.c.h;
			path = log.h;
			refType = 4;
			sourceTree = "<group>";
		};
		6C8FC1FA084CA818007D04A1 = {
			fileEncoding = 4;
			isa = PBXFileReference;
			lastKnownFileType = sourcecode.c.c;
			path = log.c;
			refType = 4;
			sourceTree = "<group>";
		};
		6C8FC1FB084CA818007D04A1 = {
			fileRef = 6C8FC1F9084CA818007D04A1;
			isa = PBXBuildFile;
			settings = {
			};
		};
		6C8FC1FC084CA818007D04A1 = {
			fileRef = 6C8FC1FA084CA818007D04A1;
			isa = PBXBuildFile;
			settings = {
			};
		};
		6CCE36F2082670A400FEC402 = {
			fileEncoding = 4;
			isa = PBXFileReference;
			lastKnownFileType = sourcecode.c.h;
			path = com.h;
			refType = 4;
			sourceTree = "<group>";
		};
		6CCE36F3082670A400FEC402 = {
			fileEncoding = 4;
			isa = PBXFileReference;
			lastKnownFileType = sourcecode.c.c;
			path = com.c;
			refType = 4;
			sourceTree = "<group>";
		};
		6CCE36F4082670A400FEC402 = {
			fileRef = 6CCE36F2082670A400FEC402;
			isa = PBXBuildFile;
			settings = {
			};
		};
		6CCE36F5082670A400FEC402 = {
			fileRef = 6CCE36F3082670A400FEC402;
			isa = PBXBuildFile;
			settings = {
			};
		};
		6CFC007F08263AC000FD2FD1 = {
			fileEncoding = 4;
			isa = PBXFileReference;
			lastKnownFileType = sourcecode.c.h;
			path = timer.h;
			refType = 4;
			sourceTree = "<group>";
		};
		6CFC008008263AC000FD2FD1 = {
			fileEncoding = 4;
			isa = PBXFileReference;
			lastKnownFileType = sourcecode.c.c;
			path = timer.c;
			refType = 4;
			sourceTree = "<group>";
		};
		6CFC008108263AC000FD2FD1 = {
			fileRef = 6CFC007F08263AC000FD2FD1;
			isa = PBXBuildFile;
			settings = {
			};
		};
		6CFC008208263AC000FD2FD1 = {
			fileRef = 6CFC008008263AC000FD2FD1;
			isa = PBXBuildFile;
			settings = {
			};
		};
//6C0
//6C1
//6C2
//6C3
//6C4
//8D0
//8D1
//8D2
//8D3
//8D4
		8DD76FA90486AB0100D96B5E = {
			buildPhases = (
				8DD76FAA0486AB0100D96B5E,
				8DD76FAB0486AB0100D96B5E,
				8DD76FAD0486AB0100D96B5E,
				8DD76FAE0486AB0100D96B5E,
				8DD76FAF0486AB0100D96B5E,
			);
			buildRules = (
			);
			buildSettings = {
				FRAMEWORK_SEARCH_PATHS = "";
				GCC_ENABLE_TRIGRAPHS = NO;
				GCC_GENERATE_DEBUGGING_SYMBOLS = NO;
				GCC_PRECOMPILE_PREFIX_HEADER = NO;
				GCC_WARN_ABOUT_MISSING_PROTOTYPES = NO;
				GCC_WARN_FOUR_CHARACTER_CONSTANTS = NO;
				GCC_WARN_UNKNOWN_PRAGMAS = NO;
				HEADER_SEARCH_PATHS = "";
				INSTALL_PATH = "$(HOME)/bin";
				LIBRARY_SEARCH_PATHS = "";
				OTHER_CFLAGS = "";
				OTHER_LDFLAGS = "";
				OTHER_REZFLAGS = "";
				PRODUCT_NAME = viper;
				REZ_EXECUTABLE = YES;
				SECTORDER_FLAGS = "";
				WARNING_CFLAGS = "-Wmost -Wno-four-char-constants -Wno-unknown-pragmas";
			};
			dependencies = (
			);
			isa = PBXNativeTarget;
			name = viper;
			productInstallPath = "$(HOME)/bin";
			productName = viper;
			productReference = 8DD76FB20486AB0100D96B5E;
			productType = "com.apple.product-type.tool";
		};
		8DD76FAA0486AB0100D96B5E = {
			buildActionMask = 2147483647;
			files = (
				6CFC008108263AC000FD2FD1,
				6CCE36F4082670A400FEC402,
				6C8471620827B15600435820,
				6C764B6B0828F16B005FCD36,
				6C8FC1FB084CA818007D04A1,
			);
			isa = PBXHeadersBuildPhase;
			runOnlyForDeploymentPostprocessing = 0;
		};
		8DD76FAB0486AB0100D96B5E = {
			buildActionMask = 2147483647;
			files = (
				8DD76FAC0486AB0100D96B5E,
				6CFC008208263AC000FD2FD1,
				6CCE36F5082670A400FEC402,
				6C764B6C0828F16B005FCD36,
				6C8FC1FC084CA818007D04A1,
			);
			isa = PBXSourcesBuildPhase;
			runOnlyForDeploymentPostprocessing = 0;
		};
		8DD76FAC0486AB0100D96B5E = {
			fileRef = 08FB7796FE84155DC02AAC07;
			isa = PBXBuildFile;
			settings = {
				ATTRIBUTES = (
				);
			};
		};
		8DD76FAD0486AB0100D96B5E = {
			buildActionMask = 2147483647;
			files = (
			);
			isa = PBXFrameworksBuildPhase;
			runOnlyForDeploymentPostprocessing = 0;
		};
		8DD76FAE0486AB0100D96B5E = {
			buildActionMask = 2147483647;
			files = (
			);
			isa = PBXRezBuildPhase;
			runOnlyForDeploymentPostprocessing = 0;
		};
		8DD76FAF0486AB0100D96B5E = {
			buildActionMask = 8;
			dstPath = /usr/share/man/man1/;
			dstSubfolderSpec = 0;
			files = (
				8DD76FB00486AB0100D96B5E,
			);
			isa = PBXCopyFilesBuildPhase;
			runOnlyForDeploymentPostprocessing = 1;
		};
		8DD76FB00486AB0100D96B5E = {
			fileRef = C6A0FF2C0290799A04C91782;
			isa = PBXBuildFile;
			settings = {
			};
		};
		8DD76FB20486AB0100D96B5E = {
			explicitFileType = "compiled.mach-o.executable";
			includeInIndex = 0;
			isa = PBXFileReference;
			path = viper;
			refType = 3;
			sourceTree = BUILT_PRODUCTS_DIR;
		};
//8D0
//8D1
//8D2
//8D3
//8D4
//C60
//C61
//C62
//C63
//C64
		C6A0FF2B0290797F04C91782 = {
			children = (
				C6A0FF2C0290799A04C91782,
			);
			isa = PBXGroup;
			name = Documentation;
			refType = 4;
			sourceTree = "<group>";
		};
		C6A0FF2C0290799A04C91782 = {
			isa = PBXFileReference;
			lastKnownFileType = text.man;
			path = viper.1;
			refType = 4;
			sourceTree = "<group>";
		};
	};
	rootObject = 08FB7793FE84155DC02AAC07;
}
