<?xml version="1.0" encoding="UTF-8" standalone="yes" ?>
<CodeBlocks_project_file>
 <FileVersion major="1" minor="6" />
 <Project>
  <Option title="goil" />
  <Option pch_mode="0" />
  <Option compiler="gcc" />
  <Build>
   <Target title="Release">
    <Option platforms="Windows;" />
    <Option output="goil.exe" prefix_auto="0" extension_auto="0" />
    <Option object_output="objects" />
    <Option type="1" />
    <Option compiler="gcc" />
    <Option projectResourceIncludeDirsRelation="1" />
    <Compiler>
     <Add option="-fomit-frame-pointer" />
     <Add option="-O2" />
     <Add option="-Wnon-virtual-dtor" />
     <Add option="-Winit-self" />
     <Add option="-Wredundant-decls" />
     <Add option="-Wundef" />
     <Add option="-Wmissing-include-dirs" />
     <Add option="-Weffc++" />
     <Add option="-std=c++14" />
     <Add option="-Wshadow" />
     <Add option="-Wall" />
     <Add option="-W" />
     <Add option="-DDO_NOT_GENERATE_CHECKINGS" />
     <Add option="-D_WIN32_WINNT=0x501" />
    </Compiler>
   </Target>
   <Target title="Debug">
    <Option platforms="Windows;" />
    <Option output="goil-debug.exe" prefix_auto="0" extension_auto="0" />
    <Option object_output="objects_debug" />
    <Option deps_output=".deps_debug" />
    <Option type="1" />
    <Option compiler="gcc" />
    <Option projectResourceIncludeDirsRelation="1" />
    <Compiler>
     <Add option="-g" />
     <Add option="-Wnon-virtual-dtor" />
     <Add option="-Winit-self" />
     <Add option="-Wredundant-decls" />
     <Add option="-Wundef" />
     <Add option="-Winline" />
     <Add option="-Wmissing-include-dirs" />
     <Add option="-Weffc++" />
     <Add option="-std=c++14" />
     <Add option="-Wshadow" />
     <Add option="-Wall" />
     <Add option="-W" />
     <Add option="-D_WIN32_WINNT=0x501" />
    </Compiler>
   </Target>
  </Build>
  <VirtualTargets>
   <Add alias="All" targets="Release;Debug;" />
  </VirtualTargets>
  <Compiler>
   <Add directory="../build/libpm" />
   <Add directory="../build/user-headers" />
   <Add directory="../build/output" />
  </Compiler>
  <Linker>
   <Add option="-static" />
   <Add library="Comdlg32" />
  </Linker>
  <Unit filename="../build/libpm/galgas2/C_galgas_quiet_option.cpp" />
  <Unit filename="../build/output/all-declarations-11.cpp" />
  <Unit filename="../build/output/all-declarations-10.cpp" />
  <Unit filename="../build/output/all-declarations-9.cpp" />
  <Unit filename="../build/output/all-declarations-8.cpp" />
  <Unit filename="../build/output/all-declarations-7.cpp" />
  <Unit filename="../build/output/all-declarations-6.cpp" />
  <Unit filename="../build/output/all-declarations-5.cpp" />
  <Unit filename="../build/output/all-declarations-4.cpp" />
  <Unit filename="../build/output/all-declarations-3.cpp" />
  <Unit filename="../build/output/all-declarations-2.cpp" />
  <Unit filename="../build/output/all-declarations-1.cpp" />
  <Unit filename="../build/output/all-declarations-0.cpp" />
  <Unit filename="../build/output/all-predefined-types.cpp" />
   <Unit filename="../build/libpm/command_line_interface/C_CommandLineOption.cpp" />
   <Unit filename="../build/libpm/command_line_interface/C_BoolCommandLineOption.cpp" />
   <Unit filename="../build/libpm/command_line_interface/C_UIntCommandLineOption.cpp" />
   <Unit filename="../build/libpm/command_line_interface/C_StringCommandLineOption.cpp" />
   <Unit filename="../build/libpm/command_line_interface/C_StringListCommandLineOption.cpp" />
   <Unit filename="../build/libpm/command_line_interface/C_builtin_CLI_Options.cpp" />
   <Unit filename="../build/libpm/command_line_interface/F_Analyze_CLI_Options.cpp" />
   <Unit filename="../build/libpm/command_line_interface/F_mainForLIBPM.cpp" />
   <Unit filename="../build/libpm/big-integers/C_BigInt.cpp" />
   <Unit filename="../build/libpm/big-integers/PMUInt128.cpp" />
   <Unit filename="../build/libpm/bdd/C_BDD.cpp" />
   <Unit filename="../build/libpm/bdd/C_BDD-find-or-add.cpp" />
   <Unit filename="../build/libpm/bdd/C_BDD-single-operand-ops.cpp" />
   <Unit filename="../build/libpm/bdd/C_BDD-and-operation.cpp" />
   <Unit filename="../build/libpm/bdd/C_RelationSingleType.cpp" />
   <Unit filename="../build/libpm/bdd/C_RelationConfiguration.cpp" />
   <Unit filename="../build/libpm/bdd/C_Relation.cpp" />
   <Unit filename="../build/libpm/files/C_FileManager.cpp" />
   <Unit filename="../build/libpm/files/AC_FileHandle.cpp" />
   <Unit filename="../build/libpm/files/C_TextFileWrite.cpp" />
   <Unit filename="../build/libpm/files/C_HTML_FileWrite.cpp" />
   <Unit filename="../build/libpm/files/C_BinaryFileWrite.cpp" />
   <Unit filename="../build/libpm/streams/AC_OutputStream.cpp" />
   <Unit filename="../build/libpm/streams/C_ColoredConsole.cpp" />
   <Unit filename="../build/libpm/streams/C_ConsoleOut.cpp" />
   <Unit filename="../build/libpm/streams/C_ErrorOut.cpp" />
   <Unit filename="../build/libpm/strings/unicode_character_cpp.cpp" />
   <Unit filename="../build/libpm/strings/unicode_string_routines.cpp" />
   <Unit filename="../build/libpm/strings/C_String.cpp" />
   <Unit filename="../build/libpm/strings/C_HTMLString.cpp" />
   <Unit filename="../build/libpm/strings/print.cpp" />
   <Unit filename="../build/libpm/time/C_Timer.cpp" />
   <Unit filename="../build/libpm/time/C_DateTime.cpp" />
   <Unit filename="../build/libpm/utilities/C_PrologueEpilogue.cpp" />
   <Unit filename="../build/libpm/utilities/C_SharedObject.cpp" />
   <Unit filename="../build/libpm/utilities/C_Data.cpp" />
   <Unit filename="../build/libpm/utilities/F_DisplayException.cpp" />
   <Unit filename="../build/libpm/utilities/MF_Assert.cpp" />
   <Unit filename="../build/libpm/utilities/F_GetPrime.cpp" />
   <Unit filename="../build/libpm/utilities/MF_MemoryControl.cpp" />
   <Unit filename="../build/libpm/utilities/cpp-allocation.cpp" />
   <Unit filename="../build/libpm/utilities/basic-allocation.cpp" />
   <Unit filename="../build/libpm/utilities/C_UIntSet.cpp" />
   <Unit filename="../build/libpm/utilities/C_DirectedGraph.cpp" />
   <Unit filename="../build/libpm/utilities/md5.cpp" />
   <Unit filename="../build/libpm/utilities/galgas-random.cpp" />
   <Unit filename="../build/libpm/galgas2/C_galgas_CLI_Options.cpp" />
   <Unit filename="../build/libpm/galgas2/typeComparisonResult.cpp" />
   <Unit filename="../build/libpm/galgas2/C_Compiler.cpp" />
   <Unit filename="../build/libpm/galgas2/C_Lexique.cpp" />
   <Unit filename="../build/libpm/galgas2/C_LocationInSource.cpp" />
   <Unit filename="../build/libpm/galgas2/C_SourceTextInString.cpp" />
   <Unit filename="../build/libpm/galgas2/C_galgas_type_descriptor.cpp" />
   <Unit filename="../build/libpm/galgas2/C_galgas_function_descriptor.cpp" />
   <Unit filename="../build/libpm/galgas2/C_galgas_io.cpp" />
   <Unit filename="../build/libpm/galgas2/C_galgas_class_inspector.cpp" />
   <Unit filename="../build/libpm/galgas2/C_IssueWithFixIt.cpp" />
   <Unit filename="../build/libpm/galgas2/cObjectArray.cpp" />
   <Unit filename="../build/libpm/galgas2/cCollectionElement.cpp" />
   <Unit filename="../build/libpm/galgas2/capCollectionElement.cpp" />
   <Unit filename="../build/libpm/galgas2/capCollectionElementArray.cpp" />
   <Unit filename="../build/libpm/galgas2/cSortedListElement.cpp" />
   <Unit filename="../build/libpm/galgas2/capSortedListElement.cpp" />
   <Unit filename="../build/libpm/galgas2/cGenericAbstractEnumerator.cpp" />
   <Unit filename="../build/libpm/galgas2/cEnumerator_range.cpp" />
   <Unit filename="../build/libpm/galgas2/cIndexingDictionary.cpp" />
   <Unit filename="../build/libpm/galgas2/cIssueDescriptor.cpp" />
   <Unit filename="../build/libpm/galgas2/cLexiqueIntrospection.cpp" />
   <Unit filename="../build/libpm/galgas2/AC_GALGAS_root.cpp" />
   <Unit filename="../build/libpm/galgas2/AC_GALGAS_list.cpp" />
   <Unit filename="../build/libpm/galgas2/AC_GALGAS_sortedlist.cpp" />
   <Unit filename="../build/libpm/galgas2/AC_GALGAS_map.cpp" />
   <Unit filename="../build/libpm/galgas2/AC_GALGAS_reference_class.cpp" />
   <Unit filename="../build/libpm/galgas2/AC_GALGAS_value_class.cpp" />
   <Unit filename="../build/libpm/galgas2/AC_GALGAS_graph.cpp" />
   <Unit filename="../build/libpm/galgas2/AC_GALGAS_enumAssociatedValues.cpp" />
   <Unit filename="../build/libpm/galgas2/acPtr_class.cpp" />
   <Unit filename="../build/libpm/galgas2/acStrongPtr_class.cpp" />
   <Unit filename="../build/libpm/galgas2/cPtr_weakReference_proxy.cpp" />
   <Unit filename="../build/libpm/galgas2/AC_GALGAS_weak_reference.cpp" />
   <Unit filename="../build/libpm/galgas2/cPtr_object.cpp" />
   <Unit filename="../build/libpm/galgas2/scanner_actions.cpp" />
   <Unit filename="../build/libpm/galgas2/GALGAS_application.cpp" />
   <Unit filename="../build/libpm/galgas2/GALGAS_bigint.cpp" />
   <Unit filename="../build/libpm/galgas2/GALGAS_binaryset.cpp" />
   <Unit filename="../build/libpm/galgas2/GALGAS_bool.cpp" />
   <Unit filename="../build/libpm/galgas2/GALGAS_char.cpp" />
   <Unit filename="../build/libpm/galgas2/GALGAS_data.cpp" />
   <Unit filename="../build/libpm/galgas2/GALGAS_double.cpp" />
   <Unit filename="../build/libpm/galgas2/GALGAS_filewrapper.cpp" />
   <Unit filename="../build/libpm/galgas2/GALGAS_function.cpp" />
   <Unit filename="../build/libpm/galgas2/GALGAS_location.cpp" />
   <Unit filename="../build/libpm/galgas2/GALGAS_sint.cpp" />
   <Unit filename="../build/libpm/galgas2/GALGAS_sint_36__34_.cpp" />
   <Unit filename="../build/libpm/galgas2/GALGAS_string.cpp" />
   <Unit filename="../build/libpm/galgas2/GALGAS_stringset.cpp" />
   <Unit filename="../build/libpm/galgas2/GALGAS_type.cpp" />
   <Unit filename="../build/libpm/galgas2/GALGAS_object.cpp" />
   <Unit filename="../build/libpm/galgas2/GALGAS_uint.cpp" />
   <Unit filename="../build/libpm/galgas2/GALGAS_timer.cpp" />
   <Unit filename="../build/libpm/galgas2/GALGAS_uint_36__34_.cpp" />
  <Unit filename="../build/libpm/gmp/32-mp_bases.c" />
  <Unit filename="../build/libpm/gmp/64-mp_bases.c" />
  <Unit filename="../build/libpm/gmp/mpn-add.c" />
  <Unit filename="../build/libpm/gmp/mpn-add_1.c" />
  <Unit filename="../build/libpm/gmp/mpn-add_n.c" />
  <Unit filename="../build/libpm/gmp/mpn-addmul_1.c" />
  <Unit filename="../build/libpm/gmp/mpn-bdiv_dbm1c.c" />
  <Unit filename="../build/libpm/gmp/mpn-cmp.c" />
  <Unit filename="../build/libpm/gmp/mpn-dcpi1_div_qr.c" />
  <Unit filename="../build/libpm/gmp/mpn-dive_1.c" />
  <Unit filename="../build/libpm/gmp/mpn-divrem_1.c" />
  <Unit filename="../build/libpm/gmp/mpn-divrem_2.c" />
  <Unit filename="../build/libpm/gmp/mpn-get_str.c" />
  <Unit filename="../build/libpm/gmp/mpn-invertappr.c" />
  <Unit filename="../build/libpm/gmp/mpn-lshift.c" />
  <Unit filename="../build/libpm/gmp/mpn-lshiftc.c" />
  <Unit filename="../build/libpm/gmp/mpn-mu_div_qr.c" />
  <Unit filename="../build/libpm/gmp/mpn-mul.c" />
  <Unit filename="../build/libpm/gmp/mpn-mul_1.c" />
  <Unit filename="../build/libpm/gmp/mpn-mul_basecase.c" />
  <Unit filename="../build/libpm/gmp/mpn-mul_fft.c" />
  <Unit filename="../build/libpm/gmp/mpn-mul_n.c" />
  <Unit filename="../build/libpm/gmp/mpn-mulmod_bnm1.c" />
  <Unit filename="../build/libpm/gmp/mpn-nussbaumer_mul.c" />
  <Unit filename="../build/libpm/gmp/mpn-pre_divrem_1.c" />
  <Unit filename="../build/libpm/gmp/mpn-rshift.c" />
  <Unit filename="../build/libpm/gmp/mpn-sbpi1_div_qr.c" />
  <Unit filename="../build/libpm/gmp/mpn-sbpi1_divappr_q.c" />
  <Unit filename="../build/libpm/gmp/mpn-set_str.c" />
  <Unit filename="../build/libpm/gmp/mpn-sqr.c" />
  <Unit filename="../build/libpm/gmp/mpn-sqr_basecase.c" />
  <Unit filename="../build/libpm/gmp/mpn-sqrmod_bnm1.c" />
  <Unit filename="../build/libpm/gmp/mpn-sub.c" />
  <Unit filename="../build/libpm/gmp/mpn-sub_1.c" />
  <Unit filename="../build/libpm/gmp/mpn-sub_n.c" />
  <Unit filename="../build/libpm/gmp/mpn-submul_1.c" />
  <Unit filename="../build/libpm/gmp/mpn-tdiv_qr.c" />
  <Unit filename="../build/libpm/gmp/mpn-toom22_mul.c" />
  <Unit filename="../build/libpm/gmp/mpn-toom2_sqr.c" />
  <Unit filename="../build/libpm/gmp/mpn-toom32_mul.c" />
  <Unit filename="../build/libpm/gmp/mpn-toom33_mul.c" />
  <Unit filename="../build/libpm/gmp/mpn-toom3_sqr.c" />
  <Unit filename="../build/libpm/gmp/mpn-toom42_mul.c" />
  <Unit filename="../build/libpm/gmp/mpn-toom43_mul.c" />
  <Unit filename="../build/libpm/gmp/mpn-toom44_mul.c" />
  <Unit filename="../build/libpm/gmp/mpn-toom4_sqr.c" />
  <Unit filename="../build/libpm/gmp/mpn-toom53_mul.c" />
  <Unit filename="../build/libpm/gmp/mpn-toom63_mul.c" />
  <Unit filename="../build/libpm/gmp/mpn-toom6_sqr.c" />
  <Unit filename="../build/libpm/gmp/mpn-toom6h_mul.c" />
  <Unit filename="../build/libpm/gmp/mpn-toom8_sqr.c" />
  <Unit filename="../build/libpm/gmp/mpn-toom8h_mul.c" />
  <Unit filename="../build/libpm/gmp/mpn-toom_couple_handling.c" />
  <Unit filename="../build/libpm/gmp/mpn-toom_eval_dgr3_pm1.c" />
  <Unit filename="../build/libpm/gmp/mpn-toom_eval_dgr3_pm2.c" />
  <Unit filename="../build/libpm/gmp/mpn-toom_eval_pm1.c" />
  <Unit filename="../build/libpm/gmp/mpn-toom_eval_pm2.c" />
  <Unit filename="../build/libpm/gmp/mpn-toom_eval_pm2exp.c" />
  <Unit filename="../build/libpm/gmp/mpn-toom_eval_pm2rexp.c" />
  <Unit filename="../build/libpm/gmp/mpn-toom_interpolate_12pts.c" />
  <Unit filename="../build/libpm/gmp/mpn-toom_interpolate_16pts.c" />
  <Unit filename="../build/libpm/gmp/mpn-toom_interpolate_5pts.c" />
  <Unit filename="../build/libpm/gmp/mpn-toom_interpolate_6pts.c" />
  <Unit filename="../build/libpm/gmp/mpn-toom_interpolate_7pts.c" />
  <Unit filename="../build/libpm/gmp/mpn-toom_interpolate_8pts.c" />
  <Unit filename="../build/libpm/gmp/mpz-abs.c" />
  <Unit filename="../build/libpm/gmp/mpz-add.c" />
  <Unit filename="../build/libpm/gmp/mpz-add_ui.c" />
  <Unit filename="../build/libpm/gmp/mpz-and.c" />
  <Unit filename="../build/libpm/gmp/mpz-cdiv_q_ui.c" />
  <Unit filename="../build/libpm/gmp/mpz-cdiv_qr.c" />
  <Unit filename="../build/libpm/gmp/mpz-cfdiv_q_2exp.c" />
  <Unit filename="../build/libpm/gmp/mpz-clear.c" />
  <Unit filename="../build/libpm/gmp/mpz-clrbit.c" />
  <Unit filename="../build/libpm/gmp/mpz-cmp.c" />
  <Unit filename="../build/libpm/gmp/mpz-cmp_si.c" />
  <Unit filename="../build/libpm/gmp/mpz-cmp_ui.c" />
  <Unit filename="../build/libpm/gmp/mpz-com.c" />
  <Unit filename="../build/libpm/gmp/mpz-combit.c" />
  <Unit filename="../build/libpm/gmp/mpz-export.c" />
  <Unit filename="../build/libpm/gmp/mpz-fdiv_q_ui.c" />
  <Unit filename="../build/libpm/gmp/mpz-fdiv_qr.c" />
  <Unit filename="../build/libpm/gmp/mpz-fits_sint.c" />
  <Unit filename="../build/libpm/gmp/mpz-fits_uint.c" />
  <Unit filename="../build/libpm/gmp/mpz-get_si.c" />
  <Unit filename="../build/libpm/gmp/mpz-get_str.c" />
  <Unit filename="../build/libpm/gmp/mpz-get_ui.c" />
  <Unit filename="../build/libpm/gmp/mpz-init.c" />
  <Unit filename="../build/libpm/gmp/mpz-ior.c" />
  <Unit filename="../build/libpm/gmp/mpz-mul.c" />
  <Unit filename="../build/libpm/gmp/mpz-mul_2exp.c" />
  <Unit filename="../build/libpm/gmp/mpz-mul_ui.c" />
  <Unit filename="../build/libpm/gmp/mpz-neg.c" />
  <Unit filename="../build/libpm/gmp/mpz-realloc.c" />
  <Unit filename="../build/libpm/gmp/mpz-set.c" />
  <Unit filename="../build/libpm/gmp/mpz-set_str.c" />
  <Unit filename="../build/libpm/gmp/mpz-set_ui.c" />
  <Unit filename="../build/libpm/gmp/mpz-setbit.c" />
  <Unit filename="../build/libpm/gmp/mpz-sizeinbase.c" />
  <Unit filename="../build/libpm/gmp/mpz-sub.c" />
  <Unit filename="../build/libpm/gmp/mpz-sub_ui.c" />
  <Unit filename="../build/libpm/gmp/mpz-swap.c" />
  <Unit filename="../build/libpm/gmp/mpz-tdiv_qr.c" />
  <Unit filename="../build/libpm/gmp/mpz-tstbit.c" />
  <Unit filename="../build/libpm/gmp/mpz-xor.c" />
  <Unit filename="../build/libpm/gmp/root-assert.c" />
  <Unit filename="../build/libpm/gmp/root-errno.c" />
  <Unit filename="../build/libpm/gmp/root-memory.c" />
  <Unit filename="../build/libpm/gmp/root-mp_bpl.c" />
  <Unit filename="../build/libpm/gmp/root-mp_clz_tab.c" />
  <Unit filename="../build/libpm/gmp/root-mp_dv_tab.c" />
  <Unit filename="../build/libpm/gmp/root-mp_minv_tab.c" />
  <Unit filename="../build/libpm/gmp/root-tal-notreent.c" />
  <Extensions>
   <code_completion />
   <envvars />
   <debugger />
   <lib_finder disable_auto="1" />
  </Extensions>
 </Project>
</CodeBlocks_project_file>
